
Microsoft Visual Studio Solution File, Format Version 12.00
# Visual Studio Version 17
VisualStudioVersion = 17.9.34728.123
MinimumVisualStudioVersion = 10.0.40219.1
Project("{FAE04EC0-301F-11D3-BF4B-00C04F79EFBC}") = "RivaLfr - EndScene Hook", "RivaLfr - EndScene Hook\RivaLfr - EndScene Hook.csproj", "{068F571C-E7A0-4EA9-9F0D-99F0D5929F27}"
EndProject
Global
	GlobalSection(SolutionConfigurationPlatforms) = preSolution
		Debug|Any CPU = Debug|Any CPU
		Release|Any CPU = Release|Any CPU
	EndGlobalSection
	GlobalSection(ProjectConfigurationPlatforms) = postSolution
		{068F571C-E7A0-4EA9-9F0D-99F0D5929F27}.Debug|Any CPU.ActiveCfg = Debug|Any CPU
		{068F571C-E7A0-4EA9-9F0D-99F0D5929F27}.Debug|Any CPU.Build.0 = Debug|Any CPU
		{068F571C-E7A0-4EA9-9F0D-99F0D5929F27}.Release|Any CPU.ActiveCfg = Release|Any CPU
		{068F571C-E7A0-4EA9-9F0D-99F0D5929F27}.Release|Any CPU.Build.0 = Release|Any CPU
	EndGlobalSection
	GlobalSection(SolutionProperties) = preSolution
		HideSolutionNode = FALSE
	EndGlobalSection
	GlobalSection(ExtensibilityGlobals) = postSolution
		SolutionGuid = {C2E00246-1509-42F8-81FD-A68F6C731899}
	EndGlobalSection
EndGlobal
